
Microsoft Visual Studio Solution File, Format Version 12.00
# Visual Studio 14
VisualStudioVersion = 14.0.25420.1
MinimumVisualStudioVersion = 10.0.40219.1
Project("{D954291E-2A0B-460D-934E-DC6B0785DB48}") = "Phoneword", "Phoneword\Phoneword\Phoneword.shproj", "{FE602AA0-161B-448A-B12A-96B302F035ED}"
EndProject
Project("{FAE04EC0-301F-11D3-BF4B-00C04F79EFBC}") = "Phoneword.Android", "Phoneword\Phoneword.Android\Phoneword.Android.csproj", "{1A623559-318D-4603-B793-3C382A67EBBE}"
EndProject
Project("{FAE04EC0-301F-11D3-BF4B-00C04F79EFBC}") = "Phoneword.iOS", "Phoneword\Phoneword.iOS\Phoneword.iOS.csproj", "{FE32771E-70D6-4772-951A-40DC1FD8EB13}"
EndProject
Project("{FAE04EC0-301F-11D3-BF4B-00C04F79EFBC}") = "Phoneword.UWP", "Phoneword\Phoneword.UWP\Phoneword.UWP.csproj", "{278658A1-6DFC-4B4B-8DC1-144166E3CDBA}"
EndProject
Global
	GlobalSection(SharedMSBuildProjectFiles) = preSolution
		Phoneword\Phoneword\Phoneword.projitems*{1a623559-318d-4603-b793-3c382a67ebbe}*SharedItemsImports = 4
		Phoneword\Phoneword\Phoneword.projitems*{278658a1-6dfc-4b4b-8dc1-144166e3cdba}*SharedItemsImports = 4
		Phoneword\Phoneword\Phoneword.projitems*{fe32771e-70d6-4772-951a-40dc1fd8eb13}*SharedItemsImports = 4
		Phoneword\Phoneword\Phoneword.projitems*{fe602aa0-161b-448a-b12a-96b302f035ed}*SharedItemsImports = 13
	EndGlobalSection
	GlobalSection(SolutionConfigurationPlatforms) = preSolution
		Ad-Hoc|Any CPU = Ad-Hoc|Any CPU
		Ad-Hoc|ARM = Ad-Hoc|ARM
		Ad-Hoc|iPhone = Ad-Hoc|iPhone
		Ad-Hoc|iPhoneSimulator = Ad-Hoc|iPhoneSimulator
		Ad-Hoc|x64 = Ad-Hoc|x64
		Ad-Hoc|x86 = Ad-Hoc|x86
		AppStore|Any CPU = AppStore|Any CPU
		AppStore|ARM = AppStore|ARM
		AppStore|iPhone = AppStore|iPhone
		AppStore|iPhoneSimulator = AppStore|iPhoneSimulator
		AppStore|x64 = AppStore|x64
		AppStore|x86 = AppStore|x86
		Debug|Any CPU = Debug|Any CPU
		Debug|ARM = Debug|ARM
		Debug|iPhone = Debug|iPhone
		Debug|iPhoneSimulator = Debug|iPhoneSimulator
		Debug|x64 = Debug|x64
		Debug|x86 = Debug|x86
		Release|Any CPU = Release|Any CPU
		Release|ARM = Release|ARM
		Release|iPhone = Release|iPhone
		Release|iPhoneSimulator = Release|iPhoneSimulator
		Release|x64 = Release|x64
		Release|x86 = Release|x86
	EndGlobalSection
	GlobalSection(ProjectConfigurationPlatforms) = postSolution
		{1A623559-318D-4603-B793-3C382A67EBBE}.Ad-Hoc|Any CPU.ActiveCfg = Release|Any CPU
		{1A623559-318D-4603-B793-3C382A67EBBE}.Ad-Hoc|Any CPU.Build.0 = Release|Any CPU
		{1A623559-318D-4603-B793-3C382A67EBBE}.Ad-Hoc|Any CPU.Deploy.0 = Release|Any CPU
		{1A623559-318D-4603-B793-3C382A67EBBE}.Ad-Hoc|ARM.ActiveCfg = Release|Any CPU
		{1A623559-318D-4603-B793-3C382A67EBBE}.Ad-Hoc|ARM.Build.0 = Release|Any CPU
		{1A623559-318D-4603-B793-3C382A67EBBE}.Ad-Hoc|ARM.Deploy.0 = Release|Any CPU
		{1A623559-318D-4603-B793-3C382A67EBBE}.Ad-Hoc|iPhone.ActiveCfg = Release|Any CPU
		{1A623559-318D-4603-B793-3C382A67EBBE}.Ad-Hoc|iPhone.Build.0 = Release|Any CPU
		{1A623559-318D-4603-B793-3C382A67EBBE}.Ad-Hoc|iPhone.Deploy.0 = Release|Any CPU
		{1A623559-318D-4603-B793-3C382A67EBBE}.Ad-Hoc|iPhoneSimulator.ActiveCfg = Release|Any CPU
		{1A623559-318D-4603-B793-3C382A67EBBE}.Ad-Hoc|iPhoneSimulator.Build.0 = Release|Any CPU
		{1A623559-318D-4603-B793-3C382A67EBBE}.Ad-Hoc|iPhoneSimulator.Deploy.0 = Release|Any CPU
		{1A623559-318D-4603-B793-3C382A67EBBE}.Ad-Hoc|x64.ActiveCfg = Release|Any CPU
		{1A623559-318D-4603-B793-3C382A67EBBE}.Ad-Hoc|x64.Build.0 = Release|Any CPU
		{1A623559-318D-4603-B793-3C382A67EBBE}.Ad-Hoc|x64.Deploy.0 = Release|Any CPU
		{1A623559-318D-4603-B793-3C382A67EBBE}.Ad-Hoc|x86.ActiveCfg = Release|Any CPU
		{1A623559-318D-4603-B793-3C382A67EBBE}.Ad-Hoc|x86.Build.0 = Release|Any CPU
		{1A623559-318D-4603-B793-3C382A67EBBE}.Ad-Hoc|x86.Deploy.0 = Release|Any CPU
		{1A623559-318D-4603-B793-3C382A67EBBE}.AppStore|Any CPU.ActiveCfg = Release|Any CPU
		{1A623559-318D-4603-B793-3C382A67EBBE}.AppStore|Any CPU.Build.0 = Release|Any CPU
		{1A623559-318D-4603-B793-3C382A67EBBE}.AppStore|Any CPU.Deploy.0 = Release|Any CPU
		{1A623559-318D-4603-B793-3C382A67EBBE}.AppStore|ARM.ActiveCfg = Release|Any CPU
		{1A623559-318D-4603-B793-3C382A67EBBE}.AppStore|ARM.Build.0 = Release|Any CPU
		{1A623559-318D-4603-B793-3C382A67EBBE}.AppStore|ARM.Deploy.0 = Release|Any CPU
		{1A623559-318D-4603-B793-3C382A67EBBE}.AppStore|iPhone.ActiveCfg = Release|Any CPU
		{1A623559-318D-4603-B793-3C382A67EBBE}.AppStore|iPhone.Build.0 = Release|Any CPU
		{1A623559-318D-4603-B793-3C382A67EBBE}.AppStore|iPhone.Deploy.0 = Release|Any CPU
		{1A623559-318D-4603-B793-3C382A67EBBE}.AppStore|iPhoneSimulator.ActiveCfg = Release|Any CPU
		{1A623559-318D-4603-B793-3C382A67EBBE}.AppStore|iPhoneSimulator.Build.0 = Release|Any CPU
		{1A623559-318D-4603-B793-3C382A67EBBE}.AppStore|iPhoneSimulator.Deploy.0 = Release|Any CPU
		{1A623559-318D-4603-B793-3C382A67EBBE}.AppStore|x64.ActiveCfg = Release|Any CPU
		{1A623559-318D-4603-B793-3C382A67EBBE}.AppStore|x64.Build.0 = Release|Any CPU
		{1A623559-318D-4603-B793-3C382A67EBBE}.AppStore|x64.Deploy.0 = Release|Any CPU
		{1A623559-318D-4603-B793-3C382A67EBBE}.AppStore|x86.ActiveCfg = Release|Any CPU
		{1A623559-318D-4603-B793-3C382A67EBBE}.AppStore|x86.Build.0 = Release|Any CPU
		{1A623559-318D-4603-B793-3C382A67EBBE}.AppStore|x86.Deploy.0 = Release|Any CPU
		{1A623559-318D-4603-B793-3C382A67EBBE}.Debug|Any CPU.ActiveCfg = Debug|Any CPU
		{1A623559-318D-4603-B793-3C382A67EBBE}.Debug|Any CPU.Build.0 = Debug|Any CPU
		{1A623559-318D-4603-B793-3C382A67EBBE}.Debug|Any CPU.Deploy.0 = Debug|Any CPU
		{1A623559-318D-4603-B793-3C382A67EBBE}.Debug|ARM.ActiveCfg = Debug|Any CPU
		{1A623559-318D-4603-B793-3C382A67EBBE}.Debug|ARM.Build.0 = Debug|Any CPU
		{1A623559-318D-4603-B793-3C382A67EBBE}.Debug|ARM.Deploy.0 = Debug|Any CPU
		{1A623559-318D-4603-B793-3C382A67EBBE}.Debug|iPhone.ActiveCfg = Debug|Any CPU
		{1A623559-318D-4603-B793-3C382A67EBBE}.Debug|iPhone.Build.0 = Debug|Any CPU
		{1A623559-318D-4603-B793-3C382A67EBBE}.Debug|iPhone.Deploy.0 = Debug|Any CPU
		{1A623559-318D-4603-B793-3C382A67EBBE}.Debug|iPhoneSimulator.ActiveCfg = Debug|Any CPU
		{1A623559-318D-4603-B793-3C382A67EBBE}.Debug|iPhoneSimulator.Build.0 = Debug|Any CPU
		{1A623559-318D-4603-B793-3C382A67EBBE}.Debug|iPhoneSimulator.Deploy.0 = Debug|Any CPU
		{1A623559-318D-4603-B793-3C382A67EBBE}.Debug|x64.ActiveCfg = Debug|Any CPU
		{1A623559-318D-4603-B793-3C382A67EBBE}.Debug|x64.Build.0 = Debug|Any CPU
		{1A623559-318D-4603-B793-3C382A67EBBE}.Debug|x64.Deploy.0 = Debug|Any CPU
		{1A623559-318D-4603-B793-3C382A67EBBE}.Debug|x86.ActiveCfg = Debug|Any CPU
		{1A623559-318D-4603-B793-3C382A67EBBE}.Debug|x86.Build.0 = Debug|Any CPU
		{1A623559-318D-4603-B793-3C382A67EBBE}.Debug|x86.Deploy.0 = Debug|Any CPU
		{1A623559-318D-4603-B793-3C382A67EBBE}.Release|Any CPU.ActiveCfg = Release|Any CPU
		{1A623559-318D-4603-B793-3C382A67EBBE}.Release|Any CPU.Build.0 = Release|Any CPU
		{1A623559-318D-4603-B793-3C382A67EBBE}.Release|Any CPU.Deploy.0 = Release|Any CPU
		{1A623559-318D-4603-B793-3C382A67EBBE}.Release|ARM.ActiveCfg = Release|Any CPU
		{1A623559-318D-4603-B793-3C382A67EBBE}.Release|ARM.Build.0 = Release|Any CPU
		{1A623559-318D-4603-B793-3C382A67EBBE}.Release|ARM.Deploy.0 = Release|Any CPU
		{1A623559-318D-4603-B793-3C382A67EBBE}.Release|iPhone.ActiveCfg = Release|Any CPU
		{1A623559-318D-4603-B793-3C382A67EBBE}.Release|iPhone.Build.0 = Release|Any CPU
		{1A623559-318D-4603-B793-3C382A67EBBE}.Release|iPhone.Deploy.0 = Release|Any CPU
		{1A623559-318D-4603-B793-3C382A67EBBE}.Release|iPhoneSimulator.ActiveCfg = Release|Any CPU
		{1A623559-318D-4603-B793-3C382A67EBBE}.Release|iPhoneSimulator.Build.0 = Release|Any CPU
		{1A623559-318D-4603-B793-3C382A67EBBE}.Release|iPhoneSimulator.Deploy.0 = Release|Any CPU
		{1A623559-318D-4603-B793-3C382A67EBBE}.Release|x64.ActiveCfg = Release|Any CPU
		{1A623559-318D-4603-B793-3C382A67EBBE}.Release|x64.Build.0 = Release|Any CPU
		{1A623559-318D-4603-B793-3C382A67EBBE}.Release|x64.Deploy.0 = Release|Any CPU
		{1A623559-318D-4603-B793-3C382A67EBBE}.Release|x86.ActiveCfg = Release|Any CPU
		{1A623559-318D-4603-B793-3C382A67EBBE}.Release|x86.Build.0 = Release|Any CPU
		{1A623559-318D-4603-B793-3C382A67EBBE}.Release|x86.Deploy.0 = Release|Any CPU
		{FE32771E-70D6-4772-951A-40DC1FD8EB13}.Ad-Hoc|Any CPU.ActiveCfg = Ad-Hoc|iPhone
		{FE32771E-70D6-4772-951A-40DC1FD8EB13}.Ad-Hoc|ARM.ActiveCfg = Ad-Hoc|iPhone
		{FE32771E-70D6-4772-951A-40DC1FD8EB13}.Ad-Hoc|iPhone.ActiveCfg = Ad-Hoc|iPhone
		{FE32771E-70D6-4772-951A-40DC1FD8EB13}.Ad-Hoc|iPhone.Build.0 = Ad-Hoc|iPhone
		{FE32771E-70D6-4772-951A-40DC1FD8EB13}.Ad-Hoc|iPhoneSimulator.ActiveCfg = Ad-Hoc|iPhoneSimulator
		{FE32771E-70D6-4772-951A-40DC1FD8EB13}.Ad-Hoc|iPhoneSimulator.Build.0 = Ad-Hoc|iPhoneSimulator
		{FE32771E-70D6-4772-951A-40DC1FD8EB13}.Ad-Hoc|x64.ActiveCfg = Ad-Hoc|iPhone
		{FE32771E-70D6-4772-951A-40DC1FD8EB13}.Ad-Hoc|x86.ActiveCfg = Ad-Hoc|iPhone
		{FE32771E-70D6-4772-951A-40DC1FD8EB13}.AppStore|Any CPU.ActiveCfg = AppStore|iPhone
		{FE32771E-70D6-4772-951A-40DC1FD8EB13}.AppStore|ARM.ActiveCfg = AppStore|iPhone
		{FE32771E-70D6-4772-951A-40DC1FD8EB13}.AppStore|iPhone.ActiveCfg = AppStore|iPhone
		{FE32771E-70D6-4772-951A-40DC1FD8EB13}.AppStore|iPhone.Build.0 = AppStore|iPhone
		{FE32771E-70D6-4772-951A-40DC1FD8EB13}.AppStore|iPhoneSimulator.ActiveCfg = AppStore|iPhoneSimulator
		{FE32771E-70D6-4772-951A-40DC1FD8EB13}.AppStore|iPhoneSimulator.Build.0 = AppStore|iPhoneSimulator
		{FE32771E-70D6-4772-951A-40DC1FD8EB13}.AppStore|x64.ActiveCfg = AppStore|iPhone
		{FE32771E-70D6-4772-951A-40DC1FD8EB13}.AppStore|x86.ActiveCfg = AppStore|iPhone
		{FE32771E-70D6-4772-951A-40DC1FD8EB13}.Debug|Any CPU.ActiveCfg = Debug|iPhone
		{FE32771E-70D6-4772-951A-40DC1FD8EB13}.Debug|ARM.ActiveCfg = Debug|iPhone
		{FE32771E-70D6-4772-951A-40DC1FD8EB13}.Debug|iPhone.ActiveCfg = Debug|iPhone
		{FE32771E-70D6-4772-951A-40DC1FD8EB13}.Debug|iPhone.Build.0 = Debug|iPhone
		{FE32771E-70D6-4772-951A-40DC1FD8EB13}.Debug|iPhoneSimulator.ActiveCfg = Debug|iPhoneSimulator
		{FE32771E-70D6-4772-951A-40DC1FD8EB13}.Debug|iPhoneSimulator.Build.0 = Debug|iPhoneSimulator
		{FE32771E-70D6-4772-951A-40DC1FD8EB13}.Debug|x64.ActiveCfg = Debug|iPhone
		{FE32771E-70D6-4772-951A-40DC1FD8EB13}.Debug|x86.ActiveCfg = Debug|iPhone
		{FE32771E-70D6-4772-951A-40DC1FD8EB13}.Release|Any CPU.ActiveCfg = Release|iPhone
		{FE32771E-70D6-4772-951A-40DC1FD8EB13}.Release|ARM.ActiveCfg = Release|iPhone
		{FE32771E-70D6-4772-951A-40DC1FD8EB13}.Release|iPhone.ActiveCfg = Release|iPhone
		{FE32771E-70D6-4772-951A-40DC1FD8EB13}.Release|iPhone.Build.0 = Release|iPhone
		{FE32771E-70D6-4772-951A-40DC1FD8EB13}.Release|iPhoneSimulator.ActiveCfg = Release|iPhoneSimulator
		{FE32771E-70D6-4772-951A-40DC1FD8EB13}.Release|iPhoneSimulator.Build.0 = Release|iPhoneSimulator
		{FE32771E-70D6-4772-951A-40DC1FD8EB13}.Release|x64.ActiveCfg = Release|iPhone
		{FE32771E-70D6-4772-951A-40DC1FD8EB13}.Release|x86.ActiveCfg = Release|iPhone
		{278658A1-6DFC-4B4B-8DC1-144166E3CDBA}.Ad-Hoc|Any CPU.ActiveCfg = Release|x86
		{278658A1-6DFC-4B4B-8DC1-144166E3CDBA}.Ad-Hoc|Any CPU.Build.0 = Release|x86
		{278658A1-6DFC-4B4B-8DC1-144166E3CDBA}.Ad-Hoc|Any CPU.Deploy.0 = Release|x86
		{278658A1-6DFC-4B4B-8DC1-144166E3CDBA}.Ad-Hoc|ARM.ActiveCfg = Release|ARM
		{278658A1-6DFC-4B4B-8DC1-144166E3CDBA}.Ad-Hoc|ARM.Build.0 = Release|ARM
		{278658A1-6DFC-4B4B-8DC1-144166E3CDBA}.Ad-Hoc|ARM.Deploy.0 = Release|ARM
		{278658A1-6DFC-4B4B-8DC1-144166E3CDBA}.Ad-Hoc|iPhone.ActiveCfg = Release|x86
		{278658A1-6DFC-4B4B-8DC1-144166E3CDBA}.Ad-Hoc|iPhone.Build.0 = Release|x86
		{278658A1-6DFC-4B4B-8DC1-144166E3CDBA}.Ad-Hoc|iPhone.Deploy.0 = Release|x86
		{278658A1-6DFC-4B4B-8DC1-144166E3CDBA}.Ad-Hoc|iPhoneSimulator.ActiveCfg = Release|x86
		{278658A1-6DFC-4B4B-8DC1-144166E3CDBA}.Ad-Hoc|iPhoneSimulator.Build.0 = Release|x86
		{278658A1-6DFC-4B4B-8DC1-144166E3CDBA}.Ad-Hoc|iPhoneSimulator.Deploy.0 = Release|x86
		{278658A1-6DFC-4B4B-8DC1-144166E3CDBA}.Ad-Hoc|x64.ActiveCfg = Release|x64
		{278658A1-6DFC-4B4B-8DC1-144166E3CDBA}.Ad-Hoc|x64.Build.0 = Release|x64
		{278658A1-6DFC-4B4B-8DC1-144166E3CDBA}.Ad-Hoc|x64.Deploy.0 = Release|x64
		{278658A1-6DFC-4B4B-8DC1-144166E3CDBA}.Ad-Hoc|x86.ActiveCfg = Release|x86
		{278658A1-6DFC-4B4B-8DC1-144166E3CDBA}.Ad-Hoc|x86.Build.0 = Release|x86
		{278658A1-6DFC-4B4B-8DC1-144166E3CDBA}.Ad-Hoc|x86.Deploy.0 = Release|x86
		{278658A1-6DFC-4B4B-8DC1-144166E3CDBA}.AppStore|Any CPU.ActiveCfg = Release|x86
		{278658A1-6DFC-4B4B-8DC1-144166E3CDBA}.AppStore|Any CPU.Build.0 = Release|x86
		{278658A1-6DFC-4B4B-8DC1-144166E3CDBA}.AppStore|Any CPU.Deploy.0 = Release|x86
		{278658A1-6DFC-4B4B-8DC1-144166E3CDBA}.AppStore|ARM.ActiveCfg = Release|ARM
		{278658A1-6DFC-4B4B-8DC1-144166E3CDBA}.AppStore|ARM.Build.0 = Release|ARM
		{278658A1-6DFC-4B4B-8DC1-144166E3CDBA}.AppStore|ARM.Deploy.0 = Release|ARM
		{278658A1-6DFC-4B4B-8DC1-144166E3CDBA}.AppStore|iPhone.ActiveCfg = Release|x86
		{278658A1-6DFC-4B4B-8DC1-144166E3CDBA}.AppStore|iPhone.Build.0 = Release|x86
		{278658A1-6DFC-4B4B-8DC1-144166E3CDBA}.AppStore|iPhone.Deploy.0 = Release|x86
		{278658A1-6DFC-4B4B-8DC1-144166E3CDBA}.AppStore|iPhoneSimulator.ActiveCfg = Release|x86
		{278658A1-6DFC-4B4B-8DC1-144166E3CDBA}.AppStore|iPhoneSimulator.Build.0 = Release|x86
		{278658A1-6DFC-4B4B-8DC1-144166E3CDBA}.AppStore|iPhoneSimulator.Deploy.0 = Release|x86
		{278658A1-6DFC-4B4B-8DC1-144166E3CDBA}.AppStore|x64.ActiveCfg = Release|x64
		{278658A1-6DFC-4B4B-8DC1-144166E3CDBA}.AppStore|x64.Build.0 = Release|x64
		{278658A1-6DFC-4B4B-8DC1-144166E3CDBA}.AppStore|x64.Deploy.0 = Release|x64
		{278658A1-6DFC-4B4B-8DC1-144166E3CDBA}.AppStore|x86.ActiveCfg = Release|x86
		{278658A1-6DFC-4B4B-8DC1-144166E3CDBA}.AppStore|x86.Build.0 = Release|x86
		{278658A1-6DFC-4B4B-8DC1-144166E3CDBA}.AppStore|x86.Deploy.0 = Release|x86
		{278658A1-6DFC-4B4B-8DC1-144166E3CDBA}.Debug|Any CPU.ActiveCfg = Debug|x86
		{278658A1-6DFC-4B4B-8DC1-144166E3CDBA}.Debug|ARM.ActiveCfg = Debug|ARM
		{278658A1-6DFC-4B4B-8DC1-144166E3CDBA}.Debug|ARM.Build.0 = Debug|ARM
		{278658A1-6DFC-4B4B-8DC1-144166E3CDBA}.Debug|ARM.Deploy.0 = Debug|ARM
		{278658A1-6DFC-4B4B-8DC1-144166E3CDBA}.Debug|iPhone.ActiveCfg = Debug|x86
		{278658A1-6DFC-4B4B-8DC1-144166E3CDBA}.Debug|iPhoneSimulator.ActiveCfg = Debug|x86
		{278658A1-6DFC-4B4B-8DC1-144166E3CDBA}.Debug|x64.ActiveCfg = Debug|x64
		{278658A1-6DFC-4B4B-8DC1-144166E3CDBA}.Debug|x64.Build.0 = Debug|x64
		{278658A1-6DFC-4B4B-8DC1-144166E3CDBA}.Debug|x64.Deploy.0 = Debug|x64
		{278658A1-6DFC-4B4B-8DC1-144166E3CDBA}.Debug|x86.ActiveCfg = Debug|x86
		{278658A1-6DFC-4B4B-8DC1-144166E3CDBA}.Debug|x86.Build.0 = Debug|x86
		{278658A1-6DFC-4B4B-8DC1-144166E3CDBA}.Debug|x86.Deploy.0 = Debug|x86
		{278658A1-6DFC-4B4B-8DC1-144166E3CDBA}.Release|Any CPU.ActiveCfg = Release|x86
		{278658A1-6DFC-4B4B-8DC1-144166E3CDBA}.Release|ARM.ActiveCfg = Release|ARM
		{278658A1-6DFC-4B4B-8DC1-144166E3CDBA}.Release|ARM.Build.0 = Release|ARM
		{278658A1-6DFC-4B4B-8DC1-144166E3CDBA}.Release|ARM.Deploy.0 = Release|ARM
		{278658A1-6DFC-4B4B-8DC1-144166E3CDBA}.Release|iPhone.ActiveCfg = Release|x86
		{278658A1-6DFC-4B4B-8DC1-144166E3CDBA}.Release|iPhoneSimulator.ActiveCfg = Release|x86
		{278658A1-6DFC-4B4B-8DC1-144166E3CDBA}.Release|x64.ActiveCfg = Release|x64
		{278658A1-6DFC-4B4B-8DC1-144166E3CDBA}.Release|x64.Build.0 = Release|x64
		{278658A1-6DFC-4B4B-8DC1-144166E3CDBA}.Release|x64.Deploy.0 = Release|x64
		{278658A1-6DFC-4B4B-8DC1-144166E3CDBA}.Release|x86.ActiveCfg = Release|x86
		{278658A1-6DFC-4B4B-8DC1-144166E3CDBA}.Release|x86.Build.0 = Release|x86
		{278658A1-6DFC-4B4B-8DC1-144166E3CDBA}.Release|x86.Deploy.0 = Release|x86
	EndGlobalSection
	GlobalSection(SolutionProperties) = preSolution
		HideSolutionNode = FALSE
	EndGlobalSection
EndGlobal
